Microsoft Visual Studio Solution File, Format Version 11.00
# Visual Studio 2008

Project("{662B9A6E-9344-367C-1E6A-3AAA7A7F774F}") = "JogoFelpix2D", "Assembly-CSharp.csproj", "{C0075C8C-FC0B-E9C6-5632-75C070C807F5}"
EndProject
Global
	GlobalSection(SolutionConfigurationPlatforms) = preSolution
		Debug|Any CPU = Debug|Any CPU
		Release|Any CPU = Release|Any CPU
	EndGlobalSection
	GlobalSection(ProjectConfigurationPlatforms) = postSolution
		{C0075C8C-FC0B-E9C6-5632-75C070C807F5}.Debug|Any CPU.ActiveCfg = Debug|Any CPU
		{C0075C8C-FC0B-E9C6-5632-75C070C807F5}.Debug|Any CPU.Build.0 = Debug|Any CPU
		{C0075C8C-FC0B-E9C6-5632-75C070C807F5}.Release|Any CPU.ActiveCfg = Release|Any CPU
		{C0075C8C-FC0B-E9C6-5632-75C070C807F5}.Release|Any CPU.Build.0 = Release|Any CPU
	EndGlobalSection
	GlobalSection(SolutionProperties) = preSolution
		HideSolutionNode = FALSE
	EndGlobalSection
	GlobalSection(MonoDevelopProperties) = preSolution
		StartupItem = Assembly-CSharp.csproj
	EndGlobalSection
EndGlobal
